
Microsoft Visual Studio Solution File, Format Version 12.00
# Visual Studio Version 17
VisualStudioVersion = 17.11.35222.181
MinimumVisualStudioVersion = 10.0.40219.1
Project("{FAE04EC0-301F-11D3-BF4B-00C04F79EFBC}") = "InheritanceCS", "InheritanceCS\InheritanceCS.csproj", "{FF04CE8B-69A4-4B77-BA58-7494E2F63693}"
EndProject
Project("{FAE04EC0-301F-11D3-BF4B-00C04F79EFBC}") = "Acadamy", "Acadamy\Acadamy.csproj", "{DA522D5B-DA36-4999-B88A-161E921B0D3C}"
EndProject
Global
	GlobalSection(SolutionConfigurationPlatforms) = preSolution
		Debug|Any CPU = Debug|Any CPU
		Release|Any CPU = Release|Any CPU
	EndGlobalSection
	GlobalSection(ProjectConfigurationPlatforms) = postSolution
		{FF04CE8B-69A4-4B77-BA58-7494E2F63693}.Debug|Any CPU.ActiveCfg = Debug|Any CPU
		{FF04CE8B-69A4-4B77-BA58-7494E2F63693}.Debug|Any CPU.Build.0 = Debug|Any CPU
		{FF04CE8B-69A4-4B77-BA58-7494E2F63693}.Release|Any CPU.ActiveCfg = Release|Any CPU
		{FF04CE8B-69A4-4B77-BA58-7494E2F63693}.Release|Any CPU.Build.0 = Release|Any CPU
		{DA522D5B-DA36-4999-B88A-161E921B0D3C}.Debug|Any CPU.ActiveCfg = Debug|Any CPU
		{DA522D5B-DA36-4999-B88A-161E921B0D3C}.Debug|Any CPU.Build.0 = Debug|Any CPU
		{DA522D5B-DA36-4999-B88A-161E921B0D3C}.Release|Any CPU.ActiveCfg = Release|Any CPU
		{DA522D5B-DA36-4999-B88A-161E921B0D3C}.Release|Any CPU.Build.0 = Release|Any CPU
	EndGlobalSection
	GlobalSection(SolutionProperties) = preSolution
		HideSolutionNode = FALSE
	EndGlobalSection
	GlobalSection(ExtensibilityGlobals) = postSolution
		SolutionGuid = {3E622278-F6F4-4A8C-9E6F-8D5416592867}
	EndGlobalSection
EndGlobal
